
Microsoft Visual Studio Solution File, Format Version 12.00
# Visual Studio 2013
VisualStudioVersion = 12.0.40629.0
MinimumVisualStudioVersion = 10.0.40219.1
Project("{F184B08F-C81C-45F6-A57F-5ABD9991F28F}") = "Arguments", "Arguments\Arguments.vbproj", "{0D363D4D-6873-41A1-A3E2-3E72DCAB8EC1}"
EndProject
Project("{F184B08F-C81C-45F6-A57F-5ABD9991F28F}") = "Variables", "Variables\Variables.vbproj", "{68E46063-B336-4CE2-AEFC-7FBA0B6725C6}"
EndProject
Project("{F184B08F-C81C-45F6-A57F-5ABD9991F28F}") = "ChangingTones", "Changing Tones\ChangingTones.vbproj", "{1453592E-BC0F-424F-A0E8-EDE78458D6D3}"
EndProject
Project("{F184B08F-C81C-45F6-A57F-5ABD9991F28F}") = "Exercise2", "Exercise2\Exercise2.vbproj", "{DCD6A805-2D76-4B6F-9C8D-B0C8A0CDD903}"
EndProject
Project("{F184B08F-C81C-45F6-A57F-5ABD9991F28F}") = "Doubles", "Doubles\Doubles.vbproj", "{4A15F228-A7F0-475E-97B2-60464507E758}"
EndProject
Project("{F184B08F-C81C-45F6-A57F-5ABD9991F28F}") = "ReturnedValues", "ReturnedValues\ReturnedValues.vbproj", "{34D25770-4409-493B-8E53-3F8DDBEA4E62}"
EndProject
Project("{F184B08F-C81C-45F6-A57F-5ABD9991F28F}") = "Exercise3", "Exercise3\Exercise3.vbproj", "{BBE97891-6A04-4A2A-9EBB-B10C94195E54}"
EndProject
Project("{F184B08F-C81C-45F6-A57F-5ABD9991F28F}") = "FiniteWhileLoop", "FiniteWhileLoop\FiniteWhileLoop.vbproj", "{4AAB78DB-5953-4862-99FA-67499DA4C380}"
EndProject
Project("{F184B08F-C81C-45F6-A57F-5ABD9991F28F}") = "Nesting", "Nesting\Nesting.vbproj", "{5A131D28-372E-4FC8-837E-6F50B62CFCF3}"
EndProject
Project("{F184B08F-C81C-45F6-A57F-5ABD9991F28F}") = "Exercise4", "Exercise 4\Exercise4.vbproj", "{C346F7B2-9804-40CE-869C-244BE6F0B618}"
EndProject
Global
	GlobalSection(SolutionConfigurationPlatforms) = preSolution
		Debug|Any CPU = Debug|Any CPU
		Release|Any CPU = Release|Any CPU
	EndGlobalSection
	GlobalSection(ProjectConfigurationPlatforms) = postSolution
		{0D363D4D-6873-41A1-A3E2-3E72DCAB8EC1}.Debug|Any CPU.ActiveCfg = Debug|Any CPU
		{0D363D4D-6873-41A1-A3E2-3E72DCAB8EC1}.Debug|Any CPU.Build.0 = Debug|Any CPU
		{0D363D4D-6873-41A1-A3E2-3E72DCAB8EC1}.Debug|Any CPU.Deploy.0 = Debug|Any CPU
		{0D363D4D-6873-41A1-A3E2-3E72DCAB8EC1}.Release|Any CPU.ActiveCfg = Release|Any CPU
		{0D363D4D-6873-41A1-A3E2-3E72DCAB8EC1}.Release|Any CPU.Build.0 = Release|Any CPU
		{0D363D4D-6873-41A1-A3E2-3E72DCAB8EC1}.Release|Any CPU.Deploy.0 = Release|Any CPU
		{68E46063-B336-4CE2-AEFC-7FBA0B6725C6}.Debug|Any CPU.ActiveCfg = Debug|Any CPU
		{68E46063-B336-4CE2-AEFC-7FBA0B6725C6}.Debug|Any CPU.Build.0 = Debug|Any CPU
		{68E46063-B336-4CE2-AEFC-7FBA0B6725C6}.Debug|Any CPU.Deploy.0 = Debug|Any CPU
		{68E46063-B336-4CE2-AEFC-7FBA0B6725C6}.Release|Any CPU.ActiveCfg = Release|Any CPU
		{68E46063-B336-4CE2-AEFC-7FBA0B6725C6}.Release|Any CPU.Build.0 = Release|Any CPU
		{68E46063-B336-4CE2-AEFC-7FBA0B6725C6}.Release|Any CPU.Deploy.0 = Release|Any CPU
		{1453592E-BC0F-424F-A0E8-EDE78458D6D3}.Debug|Any CPU.ActiveCfg = Debug|Any CPU
		{1453592E-BC0F-424F-A0E8-EDE78458D6D3}.Debug|Any CPU.Build.0 = Debug|Any CPU
		{1453592E-BC0F-424F-A0E8-EDE78458D6D3}.Debug|Any CPU.Deploy.0 = Debug|Any CPU
		{1453592E-BC0F-424F-A0E8-EDE78458D6D3}.Release|Any CPU.ActiveCfg = Release|Any CPU
		{1453592E-BC0F-424F-A0E8-EDE78458D6D3}.Release|Any CPU.Build.0 = Release|Any CPU
		{1453592E-BC0F-424F-A0E8-EDE78458D6D3}.Release|Any CPU.Deploy.0 = Release|Any CPU
		{DCD6A805-2D76-4B6F-9C8D-B0C8A0CDD903}.Debug|Any CPU.ActiveCfg = Debug|Any CPU
		{DCD6A805-2D76-4B6F-9C8D-B0C8A0CDD903}.Debug|Any CPU.Build.0 = Debug|Any CPU
		{DCD6A805-2D76-4B6F-9C8D-B0C8A0CDD903}.Debug|Any CPU.Deploy.0 = Debug|Any CPU
		{DCD6A805-2D76-4B6F-9C8D-B0C8A0CDD903}.Release|Any CPU.ActiveCfg = Release|Any CPU
		{DCD6A805-2D76-4B6F-9C8D-B0C8A0CDD903}.Release|Any CPU.Build.0 = Release|Any CPU
		{DCD6A805-2D76-4B6F-9C8D-B0C8A0CDD903}.Release|Any CPU.Deploy.0 = Release|Any CPU
		{4A15F228-A7F0-475E-97B2-60464507E758}.Debug|Any CPU.ActiveCfg = Debug|Any CPU
		{4A15F228-A7F0-475E-97B2-60464507E758}.Debug|Any CPU.Build.0 = Debug|Any CPU
		{4A15F228-A7F0-475E-97B2-60464507E758}.Debug|Any CPU.Deploy.0 = Debug|Any CPU
		{4A15F228-A7F0-475E-97B2-60464507E758}.Release|Any CPU.ActiveCfg = Release|Any CPU
		{4A15F228-A7F0-475E-97B2-60464507E758}.Release|Any CPU.Build.0 = Release|Any CPU
		{4A15F228-A7F0-475E-97B2-60464507E758}.Release|Any CPU.Deploy.0 = Release|Any CPU
		{34D25770-4409-493B-8E53-3F8DDBEA4E62}.Debug|Any CPU.ActiveCfg = Debug|Any CPU
		{34D25770-4409-493B-8E53-3F8DDBEA4E62}.Debug|Any CPU.Build.0 = Debug|Any CPU
		{34D25770-4409-493B-8E53-3F8DDBEA4E62}.Debug|Any CPU.Deploy.0 = Debug|Any CPU
		{34D25770-4409-493B-8E53-3F8DDBEA4E62}.Release|Any CPU.ActiveCfg = Release|Any CPU
		{34D25770-4409-493B-8E53-3F8DDBEA4E62}.Release|Any CPU.Build.0 = Release|Any CPU
		{34D25770-4409-493B-8E53-3F8DDBEA4E62}.Release|Any CPU.Deploy.0 = Release|Any CPU
		{BBE97891-6A04-4A2A-9EBB-B10C94195E54}.Debug|Any CPU.ActiveCfg = Debug|Any CPU
		{BBE97891-6A04-4A2A-9EBB-B10C94195E54}.Debug|Any CPU.Build.0 = Debug|Any CPU
		{BBE97891-6A04-4A2A-9EBB-B10C94195E54}.Debug|Any CPU.Deploy.0 = Debug|Any CPU
		{BBE97891-6A04-4A2A-9EBB-B10C94195E54}.Release|Any CPU.ActiveCfg = Release|Any CPU
		{BBE97891-6A04-4A2A-9EBB-B10C94195E54}.Release|Any CPU.Build.0 = Release|Any CPU
		{BBE97891-6A04-4A2A-9EBB-B10C94195E54}.Release|Any CPU.Deploy.0 = Release|Any CPU
		{4AAB78DB-5953-4862-99FA-67499DA4C380}.Debug|Any CPU.ActiveCfg = Debug|Any CPU
		{4AAB78DB-5953-4862-99FA-67499DA4C380}.Debug|Any CPU.Build.0 = Debug|Any CPU
		{4AAB78DB-5953-4862-99FA-67499DA4C380}.Debug|Any CPU.Deploy.0 = Debug|Any CPU
		{4AAB78DB-5953-4862-99FA-67499DA4C380}.Release|Any CPU.ActiveCfg = Release|Any CPU
		{4AAB78DB-5953-4862-99FA-67499DA4C380}.Release|Any CPU.Build.0 = Release|Any CPU
		{4AAB78DB-5953-4862-99FA-67499DA4C380}.Release|Any CPU.Deploy.0 = Release|Any CPU
		{5A131D28-372E-4FC8-837E-6F50B62CFCF3}.Debug|Any CPU.ActiveCfg = Debug|Any CPU
		{5A131D28-372E-4FC8-837E-6F50B62CFCF3}.Debug|Any CPU.Build.0 = Debug|Any CPU
		{5A131D28-372E-4FC8-837E-6F50B62CFCF3}.Debug|Any CPU.Deploy.0 = Debug|Any CPU
		{5A131D28-372E-4FC8-837E-6F50B62CFCF3}.Release|Any CPU.ActiveCfg = Release|Any CPU
		{5A131D28-372E-4FC8-837E-6F50B62CFCF3}.Release|Any CPU.Build.0 = Release|Any CPU
		{5A131D28-372E-4FC8-837E-6F50B62CFCF3}.Release|Any CPU.Deploy.0 = Release|Any CPU
		{C346F7B2-9804-40CE-869C-244BE6F0B618}.Debug|Any CPU.ActiveCfg = Debug|Any CPU
		{C346F7B2-9804-40CE-869C-244BE6F0B618}.Debug|Any CPU.Build.0 = Debug|Any CPU
		{C346F7B2-9804-40CE-869C-244BE6F0B618}.Debug|Any CPU.Deploy.0 = Debug|Any CPU
		{C346F7B2-9804-40CE-869C-244BE6F0B618}.Release|Any CPU.ActiveCfg = Release|Any CPU
		{C346F7B2-9804-40CE-869C-244BE6F0B618}.Release|Any CPU.Build.0 = Release|Any CPU
		{C346F7B2-9804-40CE-869C-244BE6F0B618}.Release|Any CPU.Deploy.0 = Release|Any CPU
	EndGlobalSection
	GlobalSection(SolutionProperties) = preSolution
		HideSolutionNode = FALSE
	EndGlobalSection
EndGlobal
